
Microsoft Visual Studio Solution File, Format Version 12.00
# Visual Studio Version 16
VisualStudioVersion = 16.0.30711.63
MinimumVisualStudioVersion = 10.0.40219.1
Project("{FAE04EC0-301F-11D3-BF4B-00C04F79EFBC}") = "myHashCC", "myHashCC\myHashCC.csproj", "{A79B665F-13E0-4291-A857-0EBEE714C4BA}"
EndProject
Global
	GlobalSection(SolutionConfigurationPlatforms) = preSolution
		Debug|Any CPU = Debug|Any CPU
		Release|Any CPU = Release|Any CPU
	EndGlobalSection
	GlobalSection(ProjectConfigurationPlatforms) = postSolution
		{A79B665F-13E0-4291-A857-0EBEE714C4BA}.Debug|Any CPU.ActiveCfg = Debug|Any CPU
		{A79B665F-13E0-4291-A857-0EBEE714C4BA}.Debug|Any CPU.Build.0 = Debug|Any CPU
		{A79B665F-13E0-4291-A857-0EBEE714C4BA}.Release|Any CPU.ActiveCfg = Release|Any CPU
		{A79B665F-13E0-4291-A857-0EBEE714C4BA}.Release|Any CPU.Build.0 = Release|Any CPU
	EndGlobalSection
	GlobalSection(SolutionProperties) = preSolution
		HideSolutionNode = FALSE
	EndGlobalSection
	GlobalSection(ExtensibilityGlobals) = postSolution
		SolutionGuid = {5965DA67-1BEC-4073-A8C3-B357AEC9C9A3}
	EndGlobalSection
EndGlobal
