
Microsoft Visual Studio Solution File, Format Version 12.00
# Visual Studio Version 16
VisualStudioVersion = 16.0.30711.63
MinimumVisualStudioVersion = 10.0.40219.1
Project("{F184B08F-C81C-45F6-A57F-5ABD9991F28F}") = "MCSTool", "MCSTool\MCSTool.vbproj", "{3E508BFA-1EB8-4C41-9661-D4B8C4AD0844}"
EndProject
Global
	GlobalSection(SolutionConfigurationPlatforms) = preSolution
		Debug|Any CPU = Debug|Any CPU
		Release|Any CPU = Release|Any CPU
	EndGlobalSection
	GlobalSection(ProjectConfigurationPlatforms) = postSolution
		{3E508BFA-1EB8-4C41-9661-D4B8C4AD0844}.Debug|Any CPU.ActiveCfg = Debug|Any CPU
		{3E508BFA-1EB8-4C41-9661-D4B8C4AD0844}.Debug|Any CPU.Build.0 = Debug|Any CPU
		{3E508BFA-1EB8-4C41-9661-D4B8C4AD0844}.Release|Any CPU.ActiveCfg = Release|Any CPU
		{3E508BFA-1EB8-4C41-9661-D4B8C4AD0844}.Release|Any CPU.Build.0 = Release|Any CPU
	EndGlobalSection
	GlobalSection(SolutionProperties) = preSolution
		HideSolutionNode = FALSE
	EndGlobalSection
	GlobalSection(ExtensibilityGlobals) = postSolution
		SolutionGuid = {B703EC28-C938-417E-8741-64677F3867DC}
	EndGlobalSection
EndGlobal
