
Microsoft Visual Studio Solution File, Format Version 12.00
# Visual Studio Version 16
VisualStudioVersion = 16.0.30711.63
MinimumVisualStudioVersion = 10.0.40219.1
Project("{F184B08F-C81C-45F6-A57F-5ABD9991F28F}") = "PrimeNum", "PrimeNum\PrimeNum.vbproj", "{75B791BA-C621-4E32-8C8A-DFE9C729565A}"
EndProject
Global
	GlobalSection(SolutionConfigurationPlatforms) = preSolution
		Debug|Any CPU = Debug|Any CPU
		Release|Any CPU = Release|Any CPU
	EndGlobalSection
	GlobalSection(ProjectConfigurationPlatforms) = postSolution
		{75B791BA-C621-4E32-8C8A-DFE9C729565A}.Debug|Any CPU.ActiveCfg = Debug|Any CPU
		{75B791BA-C621-4E32-8C8A-DFE9C729565A}.Debug|Any CPU.Build.0 = Debug|Any CPU
		{75B791BA-C621-4E32-8C8A-DFE9C729565A}.Release|Any CPU.ActiveCfg = Release|Any CPU
		{75B791BA-C621-4E32-8C8A-DFE9C729565A}.Release|Any CPU.Build.0 = Release|Any CPU
	EndGlobalSection
	GlobalSection(SolutionProperties) = preSolution
		HideSolutionNode = FALSE
	EndGlobalSection
	GlobalSection(ExtensibilityGlobals) = postSolution
		SolutionGuid = {BBB4D67F-F393-47A3-950A-19ACD142B4A9}
	EndGlobalSection
EndGlobal
